
Microsoft Visual Studio Solution File, Format Version 12.00
# Visual Studio 14
VisualStudioVersion = 14.0.25420.1
MinimumVisualStudioVersion = 10.0.40219.1
Project("{2150E333-8FDC-42A3-9474-1A3956D46DE8}") = "Solution Items", "Solution Items", "{65A0FFBE-920F-4E0F-AF37-55407AA3513A}"
	ProjectSection(SolutionItems) = preProject
		.clang-format = .clang-format
		.gitattributes = .gitattributes
		.gitignore = .gitignore
		.travis.yml = .travis.yml
		LICENSE = LICENSE
		Makefile = Makefile
		NOTICE = NOTICE
		README.md = README.md
	EndProjectSection
EndProject
Project("{8BC9CEB8-8B4A-11D0-8D11-00A0C91BC942}") = "Mango", "Mango.vcxproj", "{386E6D46-FDC1-4529-9365-2BCA5D0DBEE6}"
EndProject
Project("{2150E333-8FDC-42A3-9474-1A3956D46DE8}") = "docs", "docs", "{FF0C02F6-5CD9-4563-9ACD-86A91E171944}"
	ProjectSection(SolutionItems) = preProject
		docs\opcodes.md = docs\opcodes.md
	EndProjectSection
EndProject
Global
	GlobalSection(SolutionConfigurationPlatforms) = preSolution
		Debug|x64 = Debug|x64
		Debug|x86 = Debug|x86
		Release|x64 = Release|x64
		Release|x86 = Release|x86
	EndGlobalSection
	GlobalSection(ProjectConfigurationPlatforms) = postSolution
		{386E6D46-FDC1-4529-9365-2BCA5D0DBEE6}.Debug|x64.ActiveCfg = Debug|x64
		{386E6D46-FDC1-4529-9365-2BCA5D0DBEE6}.Debug|x64.Build.0 = Debug|x64
		{386E6D46-FDC1-4529-9365-2BCA5D0DBEE6}.Debug|x86.ActiveCfg = Debug|Win32
		{386E6D46-FDC1-4529-9365-2BCA5D0DBEE6}.Debug|x86.Build.0 = Debug|Win32
		{386E6D46-FDC1-4529-9365-2BCA5D0DBEE6}.Release|x64.ActiveCfg = Release|x64
		{386E6D46-FDC1-4529-9365-2BCA5D0DBEE6}.Release|x64.Build.0 = Release|x64
		{386E6D46-FDC1-4529-9365-2BCA5D0DBEE6}.Release|x86.ActiveCfg = Release|Win32
		{386E6D46-FDC1-4529-9365-2BCA5D0DBEE6}.Release|x86.Build.0 = Release|Win32
	EndGlobalSection
	GlobalSection(SolutionProperties) = preSolution
		HideSolutionNode = FALSE
	EndGlobalSection
	GlobalSection(NestedProjects) = preSolution
		{FF0C02F6-5CD9-4563-9ACD-86A91E171944} = {65A0FFBE-920F-4E0F-AF37-55407AA3513A}
	EndGlobalSection
EndGlobal
